
Microsoft Visual Studio Solution File, Format Version 12.00
# Visual Studio Version 16
VisualStudioVersion = 16.0.30523.141
MinimumVisualStudioVersion = 10.0.40219.1
Project("{FAE04EC0-301F-11D3-BF4B-00C04F79EFBC}") = "Gra memory", "Gra memory\Gra memory.csproj", "{DC7BB67A-30BA-4D31-A12C-DEAF79A64C2C}"
EndProject
Global
	GlobalSection(SolutionConfigurationPlatforms) = preSolution
		Debug|Any CPU = Debug|Any CPU
		Release|Any CPU = Release|Any CPU
	EndGlobalSection
	GlobalSection(ProjectConfigurationPlatforms) = postSolution
		{DC7BB67A-30BA-4D31-A12C-DEAF79A64C2C}.Debug|Any CPU.ActiveCfg = Debug|Any CPU
		{DC7BB67A-30BA-4D31-A12C-DEAF79A64C2C}.Debug|Any CPU.Build.0 = Debug|Any CPU
		{DC7BB67A-30BA-4D31-A12C-DEAF79A64C2C}.Release|Any CPU.ActiveCfg = Release|Any CPU
		{DC7BB67A-30BA-4D31-A12C-DEAF79A64C2C}.Release|Any CPU.Build.0 = Release|Any CPU
	EndGlobalSection
	GlobalSection(SolutionProperties) = preSolution
		HideSolutionNode = FALSE
	EndGlobalSection
	GlobalSection(ExtensibilityGlobals) = postSolution
		SolutionGuid = {40D9E2F1-92D4-4555-9215-9A58BBC929BF}
	EndGlobalSection
EndGlobal
